{
  "requires": true,
  "lockfileVersion": 1,
  "dependencies": {
    "crypto-js": {
      "version": "3.1.9-1",
      "resolved": "https://registry.npmjs.org/crypto-js/-/crypto-js-3.1.9-1.tgz",
      "integrity": "sha1-/aGedh/Ad+Af+/3G6f38WeiAbNg="
    },
    "lora-packet": {
      "version": "0.7.7",
      "resolved": "https://registry.npmjs.org/lora-packet/-/lora-packet-0.7.7.tgz",
      "integrity": "sha512-akST9S8MN6gjcr7uQtpQaBpF3250J3s/iHqvhtfoXBJRI0Zpb4WwEtA0X+2lZBFpQlv4gMwkifgoF6Xq+l15/Q==",
      "requires": {
        "crypto-js": "^3.1.9-1",
        "node-aes-cmac": "^0.1.1"
      }
    },
    "node-aes-cmac": {
      "version": "0.1.1",
      "resolved": "https://registry.npmjs.org/node-aes-cmac/-/node-aes-cmac-0.1.1.tgz",
      "integrity": "sha1-m//4ay9j45SeKCi9hfW2gltwKEQ="
    }
  }
}
